// !$*UTF8*$!
{
	archiveVersion = 1;
	classes = {
	};
	objectVersion = 46;
	objects = {

/* Begin PBXBuildFile section */
		5F314B6D1E4297110080F1D3 /* AppDelegate.swift in Sources */ = {isa = PBXBuildFile; fileRef = 5F314B6C1E4297110080F1D3 /* AppDelegate.swift */; };
		5F314B721E4297110080F1D3 /* Main.storyboard in Resources */ = {isa = PBXBuildFile; fileRef = 5F314B701E4297110080F1D3 /* Main.storyboard */; };
		5F314B741E4297110080F1D3 /* Assets.xcassets in Resources */ = {isa = PBXBuildFile; fileRef = 5F314B731E4297110080F1D3 /* Assets.xcassets */; };
		5F314B771E4297110080F1D3 /* LaunchScreen.storyboard in Resources */ = {isa = PBXBuildFile; fileRef = 5F314B751E4297110080F1D3 /* LaunchScreen.storyboard */; };
		5F314B7F1E42A8AD0080F1D3 /* PhotosViewController.swift in Sources */ = {isa = PBXBuildFile; fileRef = 5F314B7E1E42A8AD0080F1D3 /* PhotosViewController.swift */; };
		5F314B821E42B2120080F1D3 /* PhotoCell.swift in Sources */ = {isa = PBXBuildFile; fileRef = 5F314B811E42B2120080F1D3 /* PhotoCell.swift */; };
		F4DCF07E671F50CC84658062 /* Pods_tumblr.framework in Frameworks */ = {isa = PBXBuildFile; fileRef = 916454E6B44C6DB3E3FE959F /* Pods_tumblr.framework */; };
/* End PBXBuildFile section */

/* Begin PBXFileReference section */
		0A09318C69DAD4D5E4016B0C /* Pods-tumblr.debug.xcconfig */ = {isa = PBXFileReference; includeInIndex = 1; lastKnownFileType = text.xcconfig; name = "Pods-tumblr.debug.xcconfig"; path = "Pods/Target Support Files/Pods-tumblr/Pods-tumblr.debug.xcconfig"; sourceTree = "<group>"; };
		5F314B691E4297110080F1D3 /* tumblr.app */ = {isa = PBXFileReference; explicitFileType = wrapper.application; includeInIndex = 0; path = tumblr.app; sourceTree = BUILT_PRODUCTS_DIR; };
		5F314B6C1E4297110080F1D3 /* AppDelegate.swift */ = {isa = PBXFileReference; lastKnownFileType = sourcecode.swift; path = AppDelegate.swift; sourceTree = "<group>"; };
		5F314B711E4297110080F1D3 /* Base */ = {isa = PBXFileReference; lastKnownFileType = file.storyboard; name = Base; path = Base.lproj/Main.storyboard; sourceTree = "<group>"; };
		5F314B731E4297110080F1D3 /* Assets.xcassets */ = {isa = PBXFileReference; lastKnownFileType = folder.assetcatalog; path = Assets.xcassets; sourceTree = "<group>"; };
		5F314B761E4297110080F1D3 /* Base */ = {isa = PBXFileReference; lastKnownFileType = file.storyboard; name = Base; path = Base.lproj/LaunchScreen.storyboard; sourceTree = "<group>"; };
		5F314B781E4297110080F1D3 /* Info.plist */ = {isa = PBXFileReference; lastKnownFileType = text.plist.xml; path = Info.plist; sourceTree = "<group>"; };
		5F314B7E1E42A8AD0080F1D3 /* PhotosViewController.swift */ = {isa = PBXFileReference; fileEncoding = 4; lastKnownFileType = sourcecode.swift; path = PhotosViewController.swift; sourceTree = "<group>"; };
		5F314B811E42B2120080F1D3 /* PhotoCell.swift */ = {isa = PBXFileReference; fileEncoding = 4; lastKnownFileType = sourcecode.swift; path = PhotoCell.swift; sourceTree = "<group>"; };
		79D5B71BB72009DBDC5F44D1 /* Pods-tumblr.release.xcconfig */ = {isa = PBXFileReference; includeInIndex = 1; lastKnownFileType = text.xcconfig; name = "Pods-tumblr.release.xcconfig"; path = "Pods/Target Support Files/Pods-tumblr/Pods-tumblr.release.xcconfig"; sourceTree = "<group>"; };
		916454E6B44C6DB3E3FE959F /* Pods_tumblr.framework */ = {isa = PBXFileReference; explicitFileType = wrapper.framework; includeInIndex = 0; path = Pods_tumblr.framework; sourceTree = BUILT_PRODUCTS_DIR; };
/* End PBXFileReference section */

/* Begin PBXFrameworksBuildPhase section */
		5F314B661E4297110080F1D3 /* Frameworks */ = {
			isa = PBXFrameworksBuildPhase;
			buildActionMask = 2147483647;
			files = (
				F4DCF07E671F50CC84658062 /* Pods_tumblr.framework in Frameworks */,
			);
			runOnlyForDeploymentPostprocessing = 0;
		};
/* End PBXFrameworksBuildPhase section */

/* Begin PBXGroup section */
		5994D7477997417DD1262C7E /* Frameworks */ = {
			isa = PBXGroup;
			children = (
				916454E6B44C6DB3E3FE959F /* Pods_tumblr.framework */,
			);
			name = Frameworks;
			sourceTree = "<group>";
		};
		5F314B601E4297110080F1D3 = {
			isa = PBXGroup;
			children = (
				5F314B6B1E4297110080F1D3 /* tumblr */,
				5F314B6A1E4297110080F1D3 /* Products */,
				ABDF42609331BAEB3B3A3C07 /* Pods */,
				5994D7477997417DD1262C7E /* Frameworks */,
			);
			sourceTree = "<group>";
		};
		5F314B6A1E4297110080F1D3 /* Products */ = {
			isa = PBXGroup;
			children = (
				5F314B691E4297110080F1D3 /* tumblr.app */,
			);
			name = Products;
			sourceTree = "<group>";
		};
		5F314B6B1E4297110080F1D3 /* tumblr */ = {
			isa = PBXGroup;
			children = (
				5F314B831E42B2280080F1D3 /* view controller */,
				5F314B801E42B0F50080F1D3 /* views */,
				5F314B6C1E4297110080F1D3 /* AppDelegate.swift */,
				5F314B701E4297110080F1D3 /* Main.storyboard */,
				5F314B731E4297110080F1D3 /* Assets.xcassets */,
				5F314B751E4297110080F1D3 /* LaunchScreen.storyboard */,
				5F314B781E4297110080F1D3 /* Info.plist */,
			);
			path = tumblr;
			sourceTree = "<group>";
		};
		5F314B801E42B0F50080F1D3 /* views */ = {
			isa = PBXGroup;
			children = (
				5F314B811E42B2120080F1D3 /* PhotoCell.swift */,
			);
			name = views;
			sourceTree = "<group>";
		};
		5F314B831E42B2280080F1D3 /* view controller */ = {
			isa = PBXGroup;
			children = (
				5F314B7E1E42A8AD0080F1D3 /* PhotosViewController.swift */,
			);
			name = "view controller";
			sourceTree = "<group>";
		};
		ABDF42609331BAEB3B3A3C07 /* Pods */ = {
			isa = PBXGroup;
			children = (
				0A09318C69DAD4D5E4016B0C /* Pods-tumblr.debug.xcconfig */,
				79D5B71BB72009DBDC5F44D1 /* Pods-tumblr.release.xcconfig */,
			);
			name = Pods;
			sourceTree = "<group>";
		};
/* End PBXGroup section */

/* Begin PBXNativeTarget section */
		5F314B681E4297110080F1D3 /* tumblr */ = {
			isa = PBXNativeTarget;
			buildConfigurationList = 5F314B7B1E4297110080F1D3 /* Build configuration list for PBXNativeTarget "tumblr" */;
			buildPhases = (
				B0311A1B7EF73532232532C6 /* [CP] Check Pods Manifest.lock */,
				5F314B651E4297110080F1D3 /* Sources */,
				5F314B661E4297110080F1D3 /* Frameworks */,
				5F314B671E4297110080F1D3 /* Resources */,
				59D463E44293926599A2819E /* [CP] Embed Pods Frameworks */,
				945FC166096724423178297D /* [CP] Copy Pods Resources */,
			);
			buildRules = (
			);
			dependencies = (
			);
			name = tumblr;
			productName = tumblr;
			productReference = 5F314B691E4297110080F1D3 /* tumblr.app */;
			productType = "com.apple.product-type.application";
		};
/* End PBXNativeTarget section */

/* Begin PBXProject section */
		5F314B611E4297110080F1D3 /* Project object */ = {
			isa = PBXProject;
			attributes = {
				LastSwiftUpdateCheck = 0820;
				LastUpgradeCheck = 0820;
				ORGANIZATIONNAME = "Anmol Khanna";
				TargetAttributes = {
					5F314B681E4297110080F1D3 = {
						CreatedOnToolsVersion = 8.2.1;
						ProvisioningStyle = Automatic;
					};
				};
			};
			buildConfigurationList = 5F314B641E4297110080F1D3 /* Build configuration list for PBXProject "tumblr" */;
			compatibilityVersion = "Xcode 3.2";
			developmentRegion = English;
			hasScannedForEncodings = 0;
			knownRegions = (
				en,
				Base,
			);
			mainGroup = 5F314B601E4297110080F1D3;
			productRefGroup = 5F314B6A1E4297110080F1D3 /* Products */;
			projectDirPath = "";
			projectRoot = "";
			targets = (
				5F314B681E4297110080F1D3 /* tumblr */,
			);
		};
/* End PBXProject section */

/* Begin PBXResourcesBuildPhase section */
		5F314B671E4297110080F1D3 /* Resources */ = {
			isa = PBXResourcesBuildPhase;
			buildActionMask = 2147483647;
			files = (
				5F314B771E4297110080F1D3 /* LaunchScreen.storyboard in Resources */,
				5F314B741E4297110080F1D3 /* Assets.xcassets in Resources */,
				5F314B721E4297110080F1D3 /* Main.storyboard in Resources */,
			);
			runOnlyForDeploymentPostprocessing = 0;
		};
/* End PBXResourcesBuildPhase section */

/* Begin PBXShellScriptBuildPhase section */
		59D463E44293926599A2819E /* [CP] Embed Pods Frameworks */ = {
			isa = PBXShellScriptBuildPhase;
			buildActionMask = 2147483647;
			files = (
			);
			inputPaths = (
			);
			name = "[CP] Embed Pods Frameworks";
			outputPaths = (
			);
			runOnlyForDeploymentPostprocessing = 0;
			shellPath = /bin/sh;
			shellScript = "\"${SRCROOT}/Pods/Target Support Files/Pods-tumblr/Pods-tumblr-frameworks.sh\"\n";
			showEnvVarsInLog = 0;
		};
		945FC166096724423178297D /* [CP] Copy Pods Resources */ = {
			isa = PBXShellScriptBuildPhase;
			buildActionMask = 2147483647;
			files = (
			);
			inputPaths = (
			);
			name = "[CP] Copy Pods Resources";
			outputPaths = (
			);
			runOnlyForDeploymentPostprocessing = 0;
			shellPath = /bin/sh;
			shellScript = "\"${SRCROOT}/Pods/Target Support Files/Pods-tumblr/Pods-tumblr-resources.sh\"\n";
			showEnvVarsInLog = 0;
		};
		B0311A1B7EF73532232532C6 /* [CP] Check Pods Manifest.lock */ = {
			isa = PBXShellScriptBuildPhase;
			buildActionMask = 2147483647;
			files = (
			);
			inputPaths = (
			);
			name = "[CP] Check Pods Manifest.lock";
			outputPaths = (
			);
			runOnlyForDeploymentPostprocessing = 0;
			shellPath = /bin/sh;
			shellScript = "diff \"${PODS_ROOT}/../Podfile.lock\" \"${PODS_ROOT}/Manifest.lock\" > /dev/null\nif [ $? != 0 ] ; then\n    # print error to STDERR\n    echo \"error: The sandbox is not in sync with the Podfile.lock. Run 'pod install' or update your CocoaPods installation.\" >&2\n    exit 1\nfi\n";
			showEnvVarsInLog = 0;
		};
/* End PBXShellScriptBuildPhase section */

/* Begin PBXSourcesBuildPhase section */
		5F314B651E4297110080F1D3 /* Sources */ = {
			isa = PBXSourcesBuildPhase;
			buildActionMask = 2147483647;
			files = (
				5F314B6D1E4297110080F1D3 /* AppDelegate.swift in Sources */,
				5F314B821E42B2120080F1D3 /* PhotoCell.swift in Sources */,
				5F314B7F1E42A8AD0080F1D3 /* PhotosViewController.swift in Sources */,
			);
			runOnlyForDeploymentPostprocessing = 0;
		};
/* End PBXSourcesBuildPhase section */

/* Begin PBXVariantGroup section */
		5F314B701E4297110080F1D3 /* Main.storyboard */ = {
			isa = PBXVariantGroup;
			children = (
				5F314B711E4297110080F1D3 /* Base */,
			);
			name = Main.storyboard;
			sourceTree = "<group>";
		};
		5F314B751E4297110080F1D3 /* LaunchScreen.storyboard */ = {
			isa = PBXVariantGroup;
			children = (
				5F314B761E4297110080F1D3 /* Base */,
			);
			name = LaunchScreen.storyboard;
			sourceTree = "<group>";
		};
/* End PBXVariantGroup section */

/* Begin XCBuildConfiguration section */
		5F314B791E4297110080F1D3 /* Debug */ = {
			isa = XCBuildConfiguration;
			buildSettings = {
				ALWAYS_SEARCH_USER_PATHS = NO;
				CLANG_ANALYZER_NONNULL = YES;
				CLANG_CXX_LANGUAGE_STANDARD = "gnu++0x";
				CLANG_CXX_LIBRARY = "libc++";
				CLANG_ENABLE_MODULES = YES;
				CLANG_ENABLE_OBJC_ARC = YES;
				CLANG_WARN_BOOL_CONVERSION = YES;
				CLANG_WARN_CONSTANT_CONVERSION = YES;
				CLANG_WARN_DIRECT_OBJC_ISA_USAGE = YES_ERROR;
				CLANG_WARN_DOCUMENTATION_COMMENTS = YES;
				CLANG_WARN_EMPTY_BODY = YES;
				CLANG_WARN_ENUM_CONVERSION = YES;
				CLANG_WARN_INFINITE_RECURSION = YES;
				CLANG_WARN_INT_CONVERSION = YES;
				CLANG_WARN_OBJC_ROOT_CLASS = YES_ERROR;
				CLANG_WARN_SUSPICIOUS_MOVE = YES;
				CLANG_WARN_UNREACHABLE_CODE = YES;
				CLANG_WARN__DUPLICATE_METHOD_MATCH = YES;
				"CODE_SIGN_IDENTITY[sdk=iphoneos*]" = "iPhone Developer";
				COPY_PHASE_STRIP = NO;
				DEBUG_INFORMATION_FORMAT = dwarf;
				ENABLE_STRICT_OBJC_MSGSEND = YES;
				ENABLE_TESTABILITY = YES;
				GCC_C_LANGUAGE_STANDARD = gnu99;
				GCC_DYNAMIC_NO_PIC = NO;
				GCC_NO_COMMON_BLOCKS = YES;
				GCC_OPTIMIZATION_LEVEL = 0;
				GCC_PREPROCESSOR_DEFINITIONS = (
					"DEBUG=1",
					"$(inherited)",
				);
				GCC_WARN_64_TO_32_BIT_CONVERSION = YES;
				GCC_WARN_ABOUT_RETURN_TYPE = YES_ERROR;
				GCC_WARN_UNDECLARED_SELECTOR = YES;
				GCC_WARN_UNINITIALIZED_AUTOS = YES_AGGRESSIVE;
				GCC_WARN_UNUSED_FUNCTION = YES;
				GCC_WARN_UNUSED_VARIABLE = YES;
				IPHONEOS_DEPLOYMENT_TARGET = 10.2;
				MTL_ENABLE_DEBUG_INFO = YES;
				ONLY_ACTIVE_ARCH = YES;
				SDKROOT = iphoneos;
				SWIFT_ACTIVE_COMPILATION_CONDITIONS = DEBUG;
				SWIFT_OPTIMIZATION_LEVEL = "-Onone";
				TARGETED_DEVICE_FAMILY = "1,2";
			};
			name = Debug;
		};
		5F314B7A1E4297110080F1D3 /* Release */ = {
			isa = XCBuildConfiguration;
			buildSettings = {
				ALWAYS_SEARCH_USER_PATHS = NO;
				CLANG_ANALYZER_NONNULL = YES;
				CLANG_CXX_LANGUAGE_STANDARD = "gnu++0x";
				CLANG_CXX_LIBRARY = "libc++";
				CLANG_ENABLE_MODULES = YES;
				CLANG_ENABLE_OBJC_ARC = YES;
				CLANG_WARN_BOOL_CONVERSION = YES;
				CLANG_WARN_CONSTANT_CONVERSION = YES;
				CLANG_WARN_DIRECT_OBJC_ISA_USAGE = YES_ERROR;
				CLANG_WARN_DOCUMENTATION_COMMENTS = YES;
				CLANG_WARN_EMPTY_BODY = YES;
				CLANG_WARN_ENUM_CONVERSION = YES;
				CLANG_WARN_INFINITE_RECURSION = YES;
				CLANG_WARN_INT_CONVERSION = YES;
				CLANG_WARN_OBJC_ROOT_CLASS = YES_ERROR;
				CLANG_WARN_SUSPICIOUS_MOVE = YES;
				CLANG_WARN_UNREACHABLE_CODE = YES;
				CLANG_WARN__DUPLICATE_METHOD_MATCH = YES;
				"CODE_SIGN_IDENTITY[sdk=iphoneos*]" = "iPhone Developer";
				COPY_PHASE_STRIP = NO;
				DEBUG_INFORMATION_FORMAT = "dwarf-with-dsym";
				ENABLE_NS_ASSERTIONS = NO;
				ENABLE_STRICT_OBJC_MSGSEND = YES;
				GCC_C_LANGUAGE_STANDARD = gnu99;
				GCC_NO_COMMON_BLOCKS = YES;
				GCC_WARN_64_TO_32_BIT_CONVERSION = YES;
				GCC_WARN_ABOUT_RETURN_TYPE = YES_ERROR;
				GCC_WARN_UNDECLARED_SELECTOR = YES;
				GCC_WARN_UNINITIALIZED_AUTOS = YES_AGGRESSIVE;
				GCC_WARN_UNUSED_FUNCTION = YES;
				GCC_WARN_UNUSED_VARIABLE = YES;
				IPHONEOS_DEPLOYMENT_TARGET = 10.2;
				MTL_ENABLE_DEBUG_INFO = NO;
				SDKROOT = iphoneos;
				SWIFT_OPTIMIZATION_LEVEL = "-Owholemodule";
				TARGETED_DEVICE_FAMILY = "1,2";
				VALIDATE_PRODUCT = YES;
			};
			name = Release;
		};
		5F314B7C1E4297110080F1D3 /* Debug */ = {
			isa = XCBuildConfiguration;
			baseConfigurationReference = 0A09318C69DAD4D5E4016B0C /* Pods-tumblr.debug.xcconfig */;
			buildSettings = {
				ASSETCATALOG_COMPILER_APPICON_NAME = AppIcon;
				INFOPLIST_FILE = tumblr/Info.plist;
				LD_RUNPATH_SEARCH_PATHS = "$(inherited) @executable_path/Frameworks";
				PRODUCT_BUNDLE_IDENTIFIER = "Anmol-Khanna.tumblr";
				PRODUCT_NAME = "$(TARGET_NAME)";
				SWIFT_VERSION = 3.0;
			};
			name = Debug;
		};
		5F314B7D1E4297110080F1D3 /* Release */ = {
			isa = XCBuildConfiguration;
			baseConfigurationReference = 79D5B71BB72009DBDC5F44D1 /* Pods-tumblr.release.xcconfig */;
			buildSettings = {
				ASSETCATALOG_COMPILER_APPICON_NAME = AppIcon;
				INFOPLIST_FILE = tumblr/Info.plist;
				LD_RUNPATH_SEARCH_PATHS = "$(inherited) @executable_path/Frameworks";
				PRODUCT_BUNDLE_IDENTIFIER = "Anmol-Khanna.tumblr";
				PRODUCT_NAME = "$(TARGET_NAME)";
				SWIFT_VERSION = 3.0;
			};
			name = Release;
		};
/* End XCBuildConfiguration section */

/* Begin XCConfigurationList section */
		5F314B641E4297110080F1D3 /* Build configuration list for PBXProject "tumblr" */ = {
			isa = XCConfigurationList;
			buildConfigurations = (
				5F314B791E4297110080F1D3 /* Debug */,
				5F314B7A1E4297110080F1D3 /* Release */,
			);
			defaultConfigurationIsVisible = 0;
			defaultConfigurationName = Release;
		};
		5F314B7B1E4297110080F1D3 /* Build configuration list for PBXNativeTarget "tumblr" */ = {
			isa = XCConfigurationList;
			buildConfigurations = (
				5F314B7C1E4297110080F1D3 /* Debug */,
				5F314B7D1E4297110080F1D3 /* Release */,
			);
			defaultConfigurationIsVisible = 0;
			defaultConfigurationName = Release;
		};
/* End XCConfigurationList section */
	};
	rootObject = 5F314B611E4297110080F1D3 /* Project object */;
}
